
Microsoft Visual Studio Solution File, Format Version 12.00
# Visual Studio Version 16
VisualStudioVersion = 16.0.30503.244
MinimumVisualStudioVersion = 10.0.40219.1
Project("{2150E333-8FDC-42A3-9474-1A3956D46DE8}") = "Services", "Services", "{AEFAA843-A614-4811-A682-6704FD8C5283}"
EndProject
Project("{2150E333-8FDC-42A3-9474-1A3956D46DE8}") = "WebApi", "WebApi", "{9D631F52-4B5C-46F1-93C4-0AC148E3EF75}"
EndProject
Project("{9A19103F-16F7-4668-BE54-9A1E7A4F7556}") = "Clockify.WebAPI", "src\Clockify.WebAPI\Clockify.WebAPI.csproj", "{A9B81B28-588D-4FF1-B6ED-3D724993F670}"
EndProject
Project("{2150E333-8FDC-42A3-9474-1A3956D46DE8}") = "Auth", "Auth", "{A7D1F82F-9022-4CA0-8E99-7DB48D22D6E5}"
EndProject
Project("{2150E333-8FDC-42A3-9474-1A3956D46DE8}") = "Tracking", "Tracking", "{4CE78592-814A-425C-AA9F-29665D418365}"
EndProject
Project("{9A19103F-16F7-4668-BE54-9A1E7A4F7556}") = "Clockify.Tracking.Domain", "src\Clockify.Tracking.Domain\Clockify.Tracking.Domain.csproj", "{5D53E3D9-8E92-4AD2-B1BD-6382F526875F}"
EndProject
Project("{9A19103F-16F7-4668-BE54-9A1E7A4F7556}") = "Clockify.Tracking.Data", "src\Clockify.Tracking.Data\Clockify.Tracking.Data.csproj", "{B3B9D044-FAEA-4AD0-A7E3-437CE8FE6C61}"
EndProject
Project("{9A19103F-16F7-4668-BE54-9A1E7A4F7556}") = "Clockify.Auth.Data", "src\Clockify.Auth.Data\Clockify.Auth.Data.csproj", "{A4EF945A-A2A1-4B86-A59D-923B842EC6E7}"
EndProject
Project("{9A19103F-16F7-4668-BE54-9A1E7A4F7556}") = "Clockify.Auth.Domain", "src\Clockify.Auth.Domain\Clockify.Auth.Domain.csproj", "{12A45055-8725-4742-928D-FB04E8A51CC2}"
EndProject
Project("{2150E333-8FDC-42A3-9474-1A3956D46DE8}") = "Core", "Core", "{B7235095-78B6-4735-BE7B-D8906B3C1E60}"
EndProject
Project("{9A19103F-16F7-4668-BE54-9A1E7A4F7556}") = "Clockify.Core", "src\Clockify.Core\Clockify.Core.csproj", "{5CC7A045-C761-4661-9BAD-33B065D11C38}"
EndProject
Project("{2150E333-8FDC-42A3-9474-1A3956D46DE8}") = "Tests", "Tests", "{ACD92813-7973-4775-9590-CAE5C735EB94}"
EndProject
Project("{FAE04EC0-301F-11D3-BF4B-00C04F79EFBC}") = "Clockify.Tracking.DomainTests", "tests\Clockify.Tracking.DomainTests\Clockify.Tracking.DomainTests.csproj", "{589AFC3F-7D76-4C0F-BFE2-6095BF05AA1D}"
EndProject
Global
	GlobalSection(SolutionConfigurationPlatforms) = preSolution
		Debug|Any CPU = Debug|Any CPU
		Release|Any CPU = Release|Any CPU
	EndGlobalSection
	GlobalSection(ProjectConfigurationPlatforms) = postSolution
		{A9B81B28-588D-4FF1-B6ED-3D724993F670}.Debug|Any CPU.ActiveCfg = Debug|Any CPU
		{A9B81B28-588D-4FF1-B6ED-3D724993F670}.Debug|Any CPU.Build.0 = Debug|Any CPU
		{A9B81B28-588D-4FF1-B6ED-3D724993F670}.Release|Any CPU.ActiveCfg = Release|Any CPU
		{A9B81B28-588D-4FF1-B6ED-3D724993F670}.Release|Any CPU.Build.0 = Release|Any CPU
		{5D53E3D9-8E92-4AD2-B1BD-6382F526875F}.Debug|Any CPU.ActiveCfg = Debug|Any CPU
		{5D53E3D9-8E92-4AD2-B1BD-6382F526875F}.Debug|Any CPU.Build.0 = Debug|Any CPU
		{5D53E3D9-8E92-4AD2-B1BD-6382F526875F}.Release|Any CPU.ActiveCfg = Release|Any CPU
		{5D53E3D9-8E92-4AD2-B1BD-6382F526875F}.Release|Any CPU.Build.0 = Release|Any CPU
		{B3B9D044-FAEA-4AD0-A7E3-437CE8FE6C61}.Debug|Any CPU.ActiveCfg = Debug|Any CPU
		{B3B9D044-FAEA-4AD0-A7E3-437CE8FE6C61}.Debug|Any CPU.Build.0 = Debug|Any CPU
		{B3B9D044-FAEA-4AD0-A7E3-437CE8FE6C61}.Release|Any CPU.ActiveCfg = Release|Any CPU
		{B3B9D044-FAEA-4AD0-A7E3-437CE8FE6C61}.Release|Any CPU.Build.0 = Release|Any CPU
		{A4EF945A-A2A1-4B86-A59D-923B842EC6E7}.Debug|Any CPU.ActiveCfg = Debug|Any CPU
		{A4EF945A-A2A1-4B86-A59D-923B842EC6E7}.Debug|Any CPU.Build.0 = Debug|Any CPU
		{A4EF945A-A2A1-4B86-A59D-923B842EC6E7}.Release|Any CPU.ActiveCfg = Release|Any CPU
		{A4EF945A-A2A1-4B86-A59D-923B842EC6E7}.Release|Any CPU.Build.0 = Release|Any CPU
		{12A45055-8725-4742-928D-FB04E8A51CC2}.Debug|Any CPU.ActiveCfg = Debug|Any CPU
		{12A45055-8725-4742-928D-FB04E8A51CC2}.Debug|Any CPU.Build.0 = Debug|Any CPU
		{12A45055-8725-4742-928D-FB04E8A51CC2}.Release|Any CPU.ActiveCfg = Release|Any CPU
		{12A45055-8725-4742-928D-FB04E8A51CC2}.Release|Any CPU.Build.0 = Release|Any CPU
		{5CC7A045-C761-4661-9BAD-33B065D11C38}.Debug|Any CPU.ActiveCfg = Debug|Any CPU
		{5CC7A045-C761-4661-9BAD-33B065D11C38}.Debug|Any CPU.Build.0 = Debug|Any CPU
		{5CC7A045-C761-4661-9BAD-33B065D11C38}.Release|Any CPU.ActiveCfg = Release|Any CPU
		{5CC7A045-C761-4661-9BAD-33B065D11C38}.Release|Any CPU.Build.0 = Release|Any CPU
		{589AFC3F-7D76-4C0F-BFE2-6095BF05AA1D}.Debug|Any CPU.ActiveCfg = Debug|Any CPU
		{589AFC3F-7D76-4C0F-BFE2-6095BF05AA1D}.Debug|Any CPU.Build.0 = Debug|Any CPU
		{589AFC3F-7D76-4C0F-BFE2-6095BF05AA1D}.Release|Any CPU.ActiveCfg = Release|Any CPU
		{589AFC3F-7D76-4C0F-BFE2-6095BF05AA1D}.Release|Any CPU.Build.0 = Release|Any CPU
	EndGlobalSection
	GlobalSection(SolutionProperties) = preSolution
		HideSolutionNode = FALSE
	EndGlobalSection
	GlobalSection(NestedProjects) = preSolution
		{A9B81B28-588D-4FF1-B6ED-3D724993F670} = {9D631F52-4B5C-46F1-93C4-0AC148E3EF75}
		{A7D1F82F-9022-4CA0-8E99-7DB48D22D6E5} = {AEFAA843-A614-4811-A682-6704FD8C5283}
		{4CE78592-814A-425C-AA9F-29665D418365} = {AEFAA843-A614-4811-A682-6704FD8C5283}
		{5D53E3D9-8E92-4AD2-B1BD-6382F526875F} = {4CE78592-814A-425C-AA9F-29665D418365}
		{B3B9D044-FAEA-4AD0-A7E3-437CE8FE6C61} = {4CE78592-814A-425C-AA9F-29665D418365}
		{A4EF945A-A2A1-4B86-A59D-923B842EC6E7} = {A7D1F82F-9022-4CA0-8E99-7DB48D22D6E5}
		{12A45055-8725-4742-928D-FB04E8A51CC2} = {A7D1F82F-9022-4CA0-8E99-7DB48D22D6E5}
		{B7235095-78B6-4735-BE7B-D8906B3C1E60} = {AEFAA843-A614-4811-A682-6704FD8C5283}
		{5CC7A045-C761-4661-9BAD-33B065D11C38} = {B7235095-78B6-4735-BE7B-D8906B3C1E60}
		{ACD92813-7973-4775-9590-CAE5C735EB94} = {4CE78592-814A-425C-AA9F-29665D418365}
		{589AFC3F-7D76-4C0F-BFE2-6095BF05AA1D} = {ACD92813-7973-4775-9590-CAE5C735EB94}
	EndGlobalSection
	GlobalSection(ExtensibilityGlobals) = postSolution
		SolutionGuid = {E56389FC-EFE4-461E-BAB2-8B0EC7DCE801}
	EndGlobalSection
EndGlobal
